// !$*UTF8*$!
{
	archiveVersion = 1;
	classes = {
	};
	objectVersion = 56;
	objects = {

/* Begin PBXBuildFile section */
		7B3AE2372A6F9A390019A683 /* Color+Extension.swift in Sources */ = {isa = PBXBuildFile; fileRef = 7B3AE2362A6F9A390019A683 /* Color+Extension.swift */; };
		7B4FE88F2AA6A1CB00FC7808 /* Model_cafeEntity.swift in Sources */ = {isa = PBXBuildFile; fileRef = 7B4FE88E2AA6A1CB00FC7808 /* Model_cafeEntity.swift */; };
		7B50AC1E2A6F794E0043C76D /* CafeStackApp.swift in Sources */ = {isa = PBXBuildFile; fileRef = 7B50AC1D2A6F794E0043C76D /* CafeStackApp.swift */; };
		7B50AC202A6F794E0043C76D /* ContentView.swift in Sources */ = {isa = PBXBuildFile; fileRef = 7B50AC1F2A6F794E0043C76D /* ContentView.swift */; };
		7B50AC222A6F794F0043C76D /* Assets.xcassets in Resources */ = {isa = PBXBuildFile; fileRef = 7B50AC212A6F794F0043C76D /* Assets.xcassets */; };
		7B50AC252A6F794F0043C76D /* Preview Assets.xcassets in Resources */ = {isa = PBXBuildFile; fileRef = 7B50AC242A6F794F0043C76D /* Preview Assets.xcassets */; };
		7B50AC272A6F794F0043C76D /* Persistence.swift in Sources */ = {isa = PBXBuildFile; fileRef = 7B50AC262A6F794F0043C76D /* Persistence.swift */; };
		7B50AC2A2A6F794F0043C76D /* CafeStack.xcdatamodeld in Sources */ = {isa = PBXBuildFile; fileRef = 7B50AC282A6F794F0043C76D /* CafeStack.xcdatamodeld */; };
		7B50AC312A6F797B0043C76D /* UserSettingForm.swift in Sources */ = {isa = PBXBuildFile; fileRef = 7B50AC302A6F797B0043C76D /* UserSettingForm.swift */; };
		7B52D93F2A715BAD00F8B29B /* UserLine.swift in Sources */ = {isa = PBXBuildFile; fileRef = 7B52D93E2A715BAD00F8B29B /* UserLine.swift */; };
		7B52D9422A7161F000F8B29B /* Cafes.swift in Sources */ = {isa = PBXBuildFile; fileRef = 7B52D9412A7161F000F8B29B /* Cafes.swift */; };
		7B52D9442A716B5B00F8B29B /* MainContent.swift in Sources */ = {isa = PBXBuildFile; fileRef = 7B52D9432A716B5B00F8B29B /* MainContent.swift */; };
		7B52D9462A7172BD00F8B29B /* UnderMenuLine.swift in Sources */ = {isa = PBXBuildFile; fileRef = 7B52D9452A7172BD00F8B29B /* UnderMenuLine.swift */; };
		7B859BFB2A7E72B5002D2CCF /* Binding+Extension.swift in Sources */ = {isa = PBXBuildFile; fileRef = 7B859BFA2A7E72B5002D2CCF /* Binding+Extension.swift */; };
		7B859BFD2A7E881B002D2CCF /* CafeEntity+Extension.swift in Sources */ = {isa = PBXBuildFile; fileRef = 7B859BFC2A7E881B002D2CCF /* CafeEntity+Extension.swift */; };
		7BA3C4A02A805DA800383D7F /* PhotoPicker.swift in Sources */ = {isa = PBXBuildFile; fileRef = 7BA3C49F2A805DA800383D7F /* PhotoPicker.swift */; };
		7BAAFF812A93932800FA742B /* CafesDetailRow.swift in Sources */ = {isa = PBXBuildFile; fileRef = 7BAAFF802A93932800FA742B /* CafesDetailRow.swift */; };
		7BD7D6F02A7A5C140093B1ED /* AddNewCafe.swift in Sources */ = {isa = PBXBuildFile; fileRef = 7BD7D6EF2A7A5C140093B1ED /* AddNewCafe.swift */; };
		7BD7D6F72A7AA2590093B1ED /* ScoreStars.swift in Sources */ = {isa = PBXBuildFile; fileRef = 7BD7D6F62A7AA2590093B1ED /* ScoreStars.swift */; };
/* End PBXBuildFile section */

/* Begin PBXFileReference section */
		7B3AE2362A6F9A390019A683 /* Color+Extension.swift */ = {isa = PBXFileReference; lastKnownFileType = sourcecode.swift; path = "Color+Extension.swift"; sourceTree = "<group>"; };
		7B4FE88E2AA6A1CB00FC7808 /* Model_cafeEntity.swift */ = {isa = PBXFileReference; lastKnownFileType = sourcecode.swift; path = Model_cafeEntity.swift; sourceTree = "<group>"; };
		7B50AC1A2A6F794E0043C76D /* CafeStack.app */ = {isa = PBXFileReference; explicitFileType = wrapper.application; includeInIndex = 0; path = CafeStack.app; sourceTree = BUILT_PRODUCTS_DIR; };
		7B50AC1D2A6F794E0043C76D /* CafeStackApp.swift */ = {isa = PBXFileReference; lastKnownFileType = sourcecode.swift; path = CafeStackApp.swift; sourceTree = "<group>"; };
		7B50AC1F2A6F794E0043C76D /* ContentView.swift */ = {isa = PBXFileReference; lastKnownFileType = sourcecode.swift; path = ContentView.swift; sourceTree = "<group>"; };
		7B50AC212A6F794F0043C76D /* Assets.xcassets */ = {isa = PBXFileReference; lastKnownFileType = folder.assetcatalog; path = Assets.xcassets; sourceTree = "<group>"; };
		7B50AC242A6F794F0043C76D /* Preview Assets.xcassets */ = {isa = PBXFileReference; lastKnownFileType = folder.assetcatalog; path = "Preview Assets.xcassets"; sourceTree = "<group>"; };
		7B50AC262A6F794F0043C76D /* Persistence.swift */ = {isa = PBXFileReference; lastKnownFileType = sourcecode.swift; path = Persistence.swift; sourceTree = "<group>"; };
		7B50AC292A6F794F0043C76D /* CafeStack.xcdatamodel */ = {isa = PBXFileReference; lastKnownFileType = wrapper.xcdatamodel; path = CafeStack.xcdatamodel; sourceTree = "<group>"; };
		7B50AC302A6F797B0043C76D /* UserSettingForm.swift */ = {isa = PBXFileReference; lastKnownFileType = sourcecode.swift; path = UserSettingForm.swift; sourceTree = "<group>"; };
		7B52D93E2A715BAD00F8B29B /* UserLine.swift */ = {isa = PBXFileReference; lastKnownFileType = sourcecode.swift; path = UserLine.swift; sourceTree = "<group>"; };
		7B52D9412A7161F000F8B29B /* Cafes.swift */ = {isa = PBXFileReference; lastKnownFileType = sourcecode.swift; path = Cafes.swift; sourceTree = "<group>"; };
		7B52D9432A716B5B00F8B29B /* MainContent.swift */ = {isa = PBXFileReference; lastKnownFileType = sourcecode.swift; path = MainContent.swift; sourceTree = "<group>"; };
		7B52D9452A7172BD00F8B29B /* UnderMenuLine.swift */ = {isa = PBXFileReference; lastKnownFileType = sourcecode.swift; path = UnderMenuLine.swift; sourceTree = "<group>"; };
		7B859BFA2A7E72B5002D2CCF /* Binding+Extension.swift */ = {isa = PBXFileReference; lastKnownFileType = sourcecode.swift; path = "Binding+Extension.swift"; sourceTree = "<group>"; };
		7B859BFC2A7E881B002D2CCF /* CafeEntity+Extension.swift */ = {isa = PBXFileReference; lastKnownFileType = sourcecode.swift; path = "CafeEntity+Extension.swift"; sourceTree = "<group>"; };
		7BA3C49F2A805DA800383D7F /* PhotoPicker.swift */ = {isa = PBXFileReference; lastKnownFileType = sourcecode.swift; path = PhotoPicker.swift; sourceTree = "<group>"; };
		7BAAFF802A93932800FA742B /* CafesDetailRow.swift */ = {isa = PBXFileReference; lastKnownFileType = sourcecode.swift; path = CafesDetailRow.swift; sourceTree = "<group>"; };
		7BD7D6EF2A7A5C140093B1ED /* AddNewCafe.swift */ = {isa = PBXFileReference; lastKnownFileType = sourcecode.swift; path = AddNewCafe.swift; sourceTree = "<group>"; };
		7BD7D6F62A7AA2590093B1ED /* ScoreStars.swift */ = {isa = PBXFileReference; lastKnownFileType = sourcecode.swift; path = ScoreStars.swift; sourceTree = "<group>"; };
/* End PBXFileReference section */

/* Begin PBXFrameworksBuildPhase section */
		7B50AC172A6F794E0043C76D /* Frameworks */ = {
			isa = PBXFrameworksBuildPhase;
			buildActionMask = 2147483647;
			files = (
			);
			runOnlyForDeploymentPostprocessing = 0;
		};
/* End PBXFrameworksBuildPhase section */

/* Begin PBXGroup section */
		7B3AE2382A6F9A420019A683 /* Extension */ = {
			isa = PBXGroup;
			children = (
				7B3AE2362A6F9A390019A683 /* Color+Extension.swift */,
				7B859BFA2A7E72B5002D2CCF /* Binding+Extension.swift */,
				7B859BFC2A7E881B002D2CCF /* CafeEntity+Extension.swift */,
			);
			path = Extension;
			sourceTree = "<group>";
		};
		7B4FE8902AA6A1D200FC7808 /* Models */ = {
			isa = PBXGroup;
			children = (
				7B4FE88E2AA6A1CB00FC7808 /* Model_cafeEntity.swift */,
			);
			path = Models;
			sourceTree = "<group>";
		};
		7B50AC112A6F794E0043C76D = {
			isa = PBXGroup;
			children = (
				7B50AC1C2A6F794E0043C76D /* CafeStack */,
				7B50AC1B2A6F794E0043C76D /* Products */,
			);
			sourceTree = "<group>";
		};
		7B50AC1B2A6F794E0043C76D /* Products */ = {
			isa = PBXGroup;
			children = (
				7B50AC1A2A6F794E0043C76D /* CafeStack.app */,
			);
			name = Products;
			sourceTree = "<group>";
		};
		7B50AC1C2A6F794E0043C76D /* CafeStack */ = {
			isa = PBXGroup;
			children = (
				7B3AE2382A6F9A420019A683 /* Extension */,
				7B50AC322A6F79880043C76D /* UserSettingViews */,
				7B4FE8902AA6A1D200FC7808 /* Models */,
				7B52D9402A715BF600F8B29B /* MainViews */,
				7B50AC1D2A6F794E0043C76D /* CafeStackApp.swift */,
				7B50AC1F2A6F794E0043C76D /* ContentView.swift */,
				7B50AC262A6F794F0043C76D /* Persistence.swift */,
				7B50AC212A6F794F0043C76D /* Assets.xcassets */,
				7B50AC282A6F794F0043C76D /* CafeStack.xcdatamodeld */,
				7B50AC232A6F794F0043C76D /* Preview Content */,
			);
			path = CafeStack;
			sourceTree = "<group>";
		};
		7B50AC232A6F794F0043C76D /* Preview Content */ = {
			isa = PBXGroup;
			children = (
				7B50AC242A6F794F0043C76D /* Preview Assets.xcassets */,
			);
			path = "Preview Content";
			sourceTree = "<group>";
		};
		7B50AC322A6F79880043C76D /* UserSettingViews */ = {
			isa = PBXGroup;
			children = (
				7B50AC302A6F797B0043C76D /* UserSettingForm.swift */,
			);
			path = UserSettingViews;
			sourceTree = "<group>";
		};
		7B52D9402A715BF600F8B29B /* MainViews */ = {
			isa = PBXGroup;
			children = (
				7B52D93E2A715BAD00F8B29B /* UserLine.swift */,
				7B52D9432A716B5B00F8B29B /* MainContent.swift */,
				7B52D9412A7161F000F8B29B /* Cafes.swift */,
				7B52D9452A7172BD00F8B29B /* UnderMenuLine.swift */,
				7BAAFF802A93932800FA742B /* CafesDetailRow.swift */,
				7BD7D6EF2A7A5C140093B1ED /* AddNewCafe.swift */,
				7BD7D6F12A7A7D830093B1ED /* AddNewCafeItems */,
			);
			path = MainViews;
			sourceTree = "<group>";
		};
		7BD7D6F12A7A7D830093B1ED /* AddNewCafeItems */ = {
			isa = PBXGroup;
			children = (
				7BD7D6F62A7AA2590093B1ED /* ScoreStars.swift */,
				7BA3C49F2A805DA800383D7F /* PhotoPicker.swift */,
			);
			path = AddNewCafeItems;
			sourceTree = "<group>";
		};
/* End PBXGroup section */

/* Begin PBXNativeTarget section */
		7B50AC192A6F794E0043C76D /* CafeStack */ = {
			isa = PBXNativeTarget;
			buildConfigurationList = 7B50AC2D2A6F794F0043C76D /* Build configuration list for PBXNativeTarget "CafeStack" */;
			buildPhases = (
				7B50AC162A6F794E0043C76D /* Sources */,
				7B50AC172A6F794E0043C76D /* Frameworks */,
				7B50AC182A6F794E0043C76D /* Resources */,
			);
			buildRules = (
			);
			dependencies = (
			);
			name = CafeStack;
			productName = CafeStack;
			productReference = 7B50AC1A2A6F794E0043C76D /* CafeStack.app */;
			productType = "com.apple.product-type.application";
		};
/* End PBXNativeTarget section */

/* Begin PBXProject section */
		7B50AC122A6F794E0043C76D /* Project object */ = {
			isa = PBXProject;
			attributes = {
				BuildIndependentTargetsInParallel = 1;
				LastSwiftUpdateCheck = 1430;
				LastUpgradeCheck = 1430;
				TargetAttributes = {
					7B50AC192A6F794E0043C76D = {
						CreatedOnToolsVersion = 14.3.1;
					};
				};
			};
			buildConfigurationList = 7B50AC152A6F794E0043C76D /* Build configuration list for PBXProject "CafeStack" */;
			compatibilityVersion = "Xcode 14.0";
			developmentRegion = en;
			hasScannedForEncodings = 0;
			knownRegions = (
				en,
				Base,
			);
			mainGroup = 7B50AC112A6F794E0043C76D;
			productRefGroup = 7B50AC1B2A6F794E0043C76D /* Products */;
			projectDirPath = "";
			projectRoot = "";
			targets = (
				7B50AC192A6F794E0043C76D /* CafeStack */,
			);
		};
/* End PBXProject section */

/* Begin PBXResourcesBuildPhase section */
		7B50AC182A6F794E0043C76D /* Resources */ = {
			isa = PBXResourcesBuildPhase;
			buildActionMask = 2147483647;
			files = (
				7B50AC252A6F794F0043C76D /* Preview Assets.xcassets in Resources */,
				7B50AC222A6F794F0043C76D /* Assets.xcassets in Resources */,
			);
			runOnlyForDeploymentPostprocessing = 0;
		};
/* End PBXResourcesBuildPhase section */

/* Begin PBXSourcesBuildPhase section */
		7B50AC162A6F794E0043C76D /* Sources */ = {
			isa = PBXSourcesBuildPhase;
			buildActionMask = 2147483647;
			files = (
				7B50AC272A6F794F0043C76D /* Persistence.swift in Sources */,
				7B3AE2372A6F9A390019A683 /* Color+Extension.swift in Sources */,
				7B50AC202A6F794E0043C76D /* ContentView.swift in Sources */,
				7B52D9462A7172BD00F8B29B /* UnderMenuLine.swift in Sources */,
				7B859BFB2A7E72B5002D2CCF /* Binding+Extension.swift in Sources */,
				7BD7D6F02A7A5C140093B1ED /* AddNewCafe.swift in Sources */,
				7B50AC1E2A6F794E0043C76D /* CafeStackApp.swift in Sources */,
				7B52D9442A716B5B00F8B29B /* MainContent.swift in Sources */,
				7BA3C4A02A805DA800383D7F /* PhotoPicker.swift in Sources */,
				7B859BFD2A7E881B002D2CCF /* CafeEntity+Extension.swift in Sources */,
				7BD7D6F72A7AA2590093B1ED /* ScoreStars.swift in Sources */,
				7B52D9422A7161F000F8B29B /* Cafes.swift in Sources */,
				7BAAFF812A93932800FA742B /* CafesDetailRow.swift in Sources */,
				7B52D93F2A715BAD00F8B29B /* UserLine.swift in Sources */,
				7B50AC2A2A6F794F0043C76D /* CafeStack.xcdatamodeld in Sources */,
				7B4FE88F2AA6A1CB00FC7808 /* Model_cafeEntity.swift in Sources */,
				7B50AC312A6F797B0043C76D /* UserSettingForm.swift in Sources */,
			);
			runOnlyForDeploymentPostprocessing = 0;
		};
/* End PBXSourcesBuildPhase section */

/* Begin XCBuildConfiguration section */
		7B50AC2B2A6F794F0043C76D /* Debug */ = {
			isa = XCBuildConfiguration;
			buildSettings = {
				ALWAYS_SEARCH_USER_PATHS = NO;
				CLANG_ANALYZER_NONNULL = YES;
				CLANG_ANALYZER_NUMBER_OBJECT_CONVERSION = YES_AGGRESSIVE;
				CLANG_CXX_LANGUAGE_STANDARD = "gnu++20";
				CLANG_ENABLE_MODULES = YES;
				CLANG_ENABLE_OBJC_ARC = YES;
				CLANG_ENABLE_OBJC_WEAK = YES;
				CLANG_WARN_BLOCK_CAPTURE_AUTORELEASING = YES;
				CLANG_WARN_BOOL_CONVERSION = YES;
				CLANG_WARN_COMMA = YES;
				CLANG_WARN_CONSTANT_CONVERSION = YES;
				CLANG_WARN_DEPRECATED_OBJC_IMPLEMENTATIONS = YES;
				CLANG_WARN_DIRECT_OBJC_ISA_USAGE = YES_ERROR;
				CLANG_WARN_DOCUMENTATION_COMMENTS = YES;
				CLANG_WARN_EMPTY_BODY = YES;
				CLANG_WARN_ENUM_CONVERSION = YES;
				CLANG_WARN_INFINITE_RECURSION = YES;
				CLANG_WARN_INT_CONVERSION = YES;
				CLANG_WARN_NON_LITERAL_NULL_CONVERSION = YES;
				CLANG_WARN_OBJC_IMPLICIT_RETAIN_SELF = YES;
				CLANG_WARN_OBJC_LITERAL_CONVERSION = YES;
				CLANG_WARN_OBJC_ROOT_CLASS = YES_ERROR;
				CLANG_WARN_QUOTED_INCLUDE_IN_FRAMEWORK_HEADER = YES;
				CLANG_WARN_RANGE_LOOP_ANALYSIS = YES;
				CLANG_WARN_STRICT_PROTOTYPES = YES;
				CLANG_WARN_SUSPICIOUS_MOVE = YES;
				CLANG_WARN_UNGUARDED_AVAILABILITY = YES_AGGRESSIVE;
				CLANG_WARN_UNREACHABLE_CODE = YES;
				CLANG_WARN__DUPLICATE_METHOD_MATCH = YES;
				COPY_PHASE_STRIP = NO;
				DEBUG_INFORMATION_FORMAT = dwarf;
				ENABLE_STRICT_OBJC_MSGSEND = YES;
				ENABLE_TESTABILITY = YES;
				GCC_C_LANGUAGE_STANDARD = gnu11;
				GCC_DYNAMIC_NO_PIC = NO;
				GCC_NO_COMMON_BLOCKS = YES;
				GCC_OPTIMIZATION_LEVEL = 0;
				GCC_PREPROCESSOR_DEFINITIONS = (
					"DEBUG=1",
					"$(inherited)",
				);
				GCC_WARN_64_TO_32_BIT_CONVERSION = YES;
				GCC_WARN_ABOUT_RETURN_TYPE = YES_ERROR;
				GCC_WARN_UNDECLARED_SELECTOR = YES;
				GCC_WARN_UNINITIALIZED_AUTOS = YES_AGGRESSIVE;
				GCC_WARN_UNUSED_FUNCTION = YES;
				GCC_WARN_UNUSED_VARIABLE = YES;
				IPHONEOS_DEPLOYMENT_TARGET = 16.4;
				MTL_ENABLE_DEBUG_INFO = INCLUDE_SOURCE;
				MTL_FAST_MATH = YES;
				ONLY_ACTIVE_ARCH = YES;
				SDKROOT = iphoneos;
				SWIFT_ACTIVE_COMPILATION_CONDITIONS = DEBUG;
				SWIFT_OPTIMIZATION_LEVEL = "-Onone";
			};
			name = Debug;
		};
		7B50AC2C2A6F794F0043C76D /* Release */ = {
			isa = XCBuildConfiguration;
			buildSettings = {
				ALWAYS_SEARCH_USER_PATHS = NO;
				CLANG_ANALYZER_NONNULL = YES;
				CLANG_ANALYZER_NUMBER_OBJECT_CONVERSION = YES_AGGRESSIVE;
				CLANG_CXX_LANGUAGE_STANDARD = "gnu++20";
				CLANG_ENABLE_MODULES = YES;
				CLANG_ENABLE_OBJC_ARC = YES;
				CLANG_ENABLE_OBJC_WEAK = YES;
				CLANG_WARN_BLOCK_CAPTURE_AUTORELEASING = YES;
				CLANG_WARN_BOOL_CONVERSION = YES;
				CLANG_WARN_COMMA = YES;
				CLANG_WARN_CONSTANT_CONVERSION = YES;
				CLANG_WARN_DEPRECATED_OBJC_IMPLEMENTATIONS = YES;
				CLANG_WARN_DIRECT_OBJC_ISA_USAGE = YES_ERROR;
				CLANG_WARN_DOCUMENTATION_COMMENTS = YES;
				CLANG_WARN_EMPTY_BODY = YES;
				CLANG_WARN_ENUM_CONVERSION = YES;
				CLANG_WARN_INFINITE_RECURSION = YES;
				CLANG_WARN_INT_CONVERSION = YES;
				CLANG_WARN_NON_LITERAL_NULL_CONVERSION = YES;
				CLANG_WARN_OBJC_IMPLICIT_RETAIN_SELF = YES;
				CLANG_WARN_OBJC_LITERAL_CONVERSION = YES;
				CLANG_WARN_OBJC_ROOT_CLASS = YES_ERROR;
				CLANG_WARN_QUOTED_INCLUDE_IN_FRAMEWORK_HEADER = YES;
				CLANG_WARN_RANGE_LOOP_ANALYSIS = YES;
				CLANG_WARN_STRICT_PROTOTYPES = YES;
				CLANG_WARN_SUSPICIOUS_MOVE = YES;
				CLANG_WARN_UNGUARDED_AVAILABILITY = YES_AGGRESSIVE;
				CLANG_WARN_UNREACHABLE_CODE = YES;
				CLANG_WARN__DUPLICATE_METHOD_MATCH = YES;
				COPY_PHASE_STRIP = NO;
				DEBUG_INFORMATION_FORMAT = "dwarf-with-dsym";
				ENABLE_NS_ASSERTIONS = NO;
				ENABLE_STRICT_OBJC_MSGSEND = YES;
				GCC_C_LANGUAGE_STANDARD = gnu11;
				GCC_NO_COMMON_BLOCKS = YES;
				GCC_WARN_64_TO_32_BIT_CONVERSION = YES;
				GCC_WARN_ABOUT_RETURN_TYPE = YES_ERROR;
				GCC_WARN_UNDECLARED_SELECTOR = YES;
				GCC_WARN_UNINITIALIZED_AUTOS = YES_AGGRESSIVE;
				GCC_WARN_UNUSED_FUNCTION = YES;
				GCC_WARN_UNUSED_VARIABLE = YES;
				IPHONEOS_DEPLOYMENT_TARGET = 16.4;
				MTL_ENABLE_DEBUG_INFO = NO;
				MTL_FAST_MATH = YES;
				SDKROOT = iphoneos;
				SWIFT_COMPILATION_MODE = wholemodule;
				SWIFT_OPTIMIZATION_LEVEL = "-O";
				VALIDATE_PRODUCT = YES;
			};
			name = Release;
		};
		7B50AC2E2A6F794F0043C76D /* Debug */ = {
			isa = XCBuildConfiguration;
			buildSettings = {
				ASSETCATALOG_COMPILER_APPICON_NAME = AppIcon;
				ASSETCATALOG_COMPILER_GLOBAL_ACCENT_COLOR_NAME = AccentColor;
				CODE_SIGN_STYLE = Automatic;
				CURRENT_PROJECT_VERSION = 1;
				DEVELOPMENT_ASSET_PATHS = "\"CafeStack/Preview Content\"";
				DEVELOPMENT_TEAM = N6B6UHSBG8;
				ENABLE_PREVIEWS = YES;
				GENERATE_INFOPLIST_FILE = YES;
				INFOPLIST_KEY_UIApplicationSceneManifest_Generation = YES;
				INFOPLIST_KEY_UIApplicationSupportsIndirectInputEvents = YES;
				INFOPLIST_KEY_UILaunchScreen_Generation = YES;
				INFOPLIST_KEY_UISupportedInterfaceOrientations_iPad = "UIInterfaceOrientationPortrait UIInterfaceOrientationPortraitUpsideDown UIInterfaceOrientationLandscapeLeft UIInterfaceOrientationLandscapeRight";
				INFOPLIST_KEY_UISupportedInterfaceOrientations_iPhone = "UIInterfaceOrientationPortrait UIInterfaceOrientationLandscapeLeft UIInterfaceOrientationLandscapeRight";
				IPHONEOS_DEPLOYMENT_TARGET = 16.0;
				LD_RUNPATH_SEARCH_PATHS = (
					"$(inherited)",
					"@executable_path/Frameworks",
				);
				MARKETING_VERSION = 1.0;
				PRODUCT_BUNDLE_IDENTIFIER = sample.com.CafeStack;
				PRODUCT_NAME = "$(TARGET_NAME)";
				SWIFT_EMIT_LOC_STRINGS = YES;
				SWIFT_VERSION = 5.0;
				TARGETED_DEVICE_FAMILY = "1,2";
			};
			name = Debug;
		};
		7B50AC2F2A6F794F0043C76D /* Release */ = {
			isa = XCBuildConfiguration;
			buildSettings = {
				ASSETCATALOG_COMPILER_APPICON_NAME = AppIcon;
				ASSETCATALOG_COMPILER_GLOBAL_ACCENT_COLOR_NAME = AccentColor;
				CODE_SIGN_STYLE = Automatic;
				CURRENT_PROJECT_VERSION = 1;
				DEVELOPMENT_ASSET_PATHS = "\"CafeStack/Preview Content\"";
				DEVELOPMENT_TEAM = N6B6UHSBG8;
				ENABLE_PREVIEWS = YES;
				GENERATE_INFOPLIST_FILE = YES;
				INFOPLIST_KEY_UIApplicationSceneManifest_Generation = YES;
				INFOPLIST_KEY_UIApplicationSupportsIndirectInputEvents = YES;
				INFOPLIST_KEY_UILaunchScreen_Generation = YES;
				INFOPLIST_KEY_UISupportedInterfaceOrientations_iPad = "UIInterfaceOrientationPortrait UIInterfaceOrientationPortraitUpsideDown UIInterfaceOrientationLandscapeLeft UIInterfaceOrientationLandscapeRight";
				INFOPLIST_KEY_UISupportedInterfaceOrientations_iPhone = "UIInterfaceOrientationPortrait UIInterfaceOrientationLandscapeLeft UIInterfaceOrientationLandscapeRight";
				IPHONEOS_DEPLOYMENT_TARGET = 16.0;
				LD_RUNPATH_SEARCH_PATHS = (
					"$(inherited)",
					"@executable_path/Frameworks",
				);
				MARKETING_VERSION = 1.0;
				PRODUCT_BUNDLE_IDENTIFIER = sample.com.CafeStack;
				PRODUCT_NAME = "$(TARGET_NAME)";
				SWIFT_EMIT_LOC_STRINGS = YES;
				SWIFT_VERSION = 5.0;
				TARGETED_DEVICE_FAMILY = "1,2";
			};
			name = Release;
		};
/* End XCBuildConfiguration section */

/* Begin XCConfigurationList section */
		7B50AC152A6F794E0043C76D /* Build configuration list for PBXProject "CafeStack" */ = {
			isa = XCConfigurationList;
			buildConfigurations = (
				7B50AC2B2A6F794F0043C76D /* Debug */,
				7B50AC2C2A6F794F0043C76D /* Release */,
			);
			defaultConfigurationIsVisible = 0;
			defaultConfigurationName = Release;
		};
		7B50AC2D2A6F794F0043C76D /* Build configuration list for PBXNativeTarget "CafeStack" */ = {
			isa = XCConfigurationList;
			buildConfigurations = (
				7B50AC2E2A6F794F0043C76D /* Debug */,
				7B50AC2F2A6F794F0043C76D /* Release */,
			);
			defaultConfigurationIsVisible = 0;
			defaultConfigurationName = Release;
		};
/* End XCConfigurationList section */

/* Begin XCVersionGroup section */
		7B50AC282A6F794F0043C76D /* CafeStack.xcdatamodeld */ = {
			isa = XCVersionGroup;
			children = (
				7B50AC292A6F794F0043C76D /* CafeStack.xcdatamodel */,
			);
			currentVersion = 7B50AC292A6F794F0043C76D /* CafeStack.xcdatamodel */;
			path = CafeStack.xcdatamodeld;
			sourceTree = "<group>";
			versionGroupType = wrapper.xcdatamodel;
		};
/* End XCVersionGroup section */
	};
	rootObject = 7B50AC122A6F794E0043C76D /* Project object */;
}
